<?xml version="1.0" encoding="utf-8"?>
<Project ToolsVersion="4.0" xmlns="http://schemas.microsoft.com/developer/msbuild/2003">
  <ItemGroup>
    <ClCompile Include="External\imgui\backends\imgui_impl_glfw.cpp" />
    <ClCompile Include="External\imgui\backends\imgui_impl_opengl3.cpp" />
    <ClCompile Include="External\imgui\ImGuiFileDialog-master\ImGuiFileDialog.cpp" />
    <ClCompile Include="External\imgui\imgui.cpp" />
    <ClCompile Include="External\imgui\imgui_demo.cpp" />
    <ClCompile Include="External\imgui\imgui_draw.cpp" />
    <ClCompile Include="External\imgui\imgui_tables.cpp" />
    <ClCompile Include="External\imgui\imgui_widgets.cpp" />
    <ClCompile Include="glad.c" />
    <ClCompile Include="Source\Debug\log.cpp" />
    <ClCompile Include="Source\mainDll.cpp" />
    <ClCompile Include="Source\Resource\Rendering\model.cpp" />
    <ClCompile Include="Source\Resource\Rendering\texture.cpp" />
    <ClCompile Include="Source\golemEngine.cpp" />
    <ClCompile Include="Source\Wrappers\graphicWrapper.cpp" />
    <ClCompile Include="External\imgui\ImGuiFileDialog-master\ImGuiFileDialog.cpp" />
    <ClCompile Include="External\imgui\ImGuiFileDialog-master\ImGuiFileDialog.cpp" />
    <ClCompile Include="Source\Wrappers\windowWrapper.cpp" />
    <ClCompile Include="Source\Components\Light\light.cpp" />
    <ClCompile Include="Source\Components\component.cpp" />
    <ClCompile Include="Source\Core\gameObject.cpp" />
    <ClCompile Include="Source\Components\transform.cpp" />
    <ClCompile Include="Source\Debug\log.cpp" />
    <ClCompile Include="Source\Resource\Rendering\model.cpp" />
    <ClCompile Include="Source\Resource\Rendering\texture.cpp" />
    <ClCompile Include="Source\Resource\resourceManager.cpp" />
    <ClCompile Include="Source\Wrappers\graphicWrapper.cpp" />
    <ClCompile Include="Source\Wrappers\windowWrapper.cpp" />
    <ClCompile Include="Source\golemEngine.cpp" />
    <ClCompile Include="Source\Inputs\inputManager.cpp" />
    <ClCompile Include="Source\mainDll.cpp" />
    <ClCompile Include="External\imgui\imgui_stdlib.cpp" />
    <ClCompile Include="Source\Reflection\classManager.cpp" />
    <ClCompile Include="Source\Reflection\displayType.cpp" />
    <ClCompile Include="Source\Core\camera.cpp" />
    <ClCompile Include="Source\Core\scene.cpp" />
    <ClCompile Include="Source\Resource\sceneManager.cpp" />
    <ClCompile Include="Source\Components\meshRenderer.cpp" />
    <ClCompile Include="Source\Components\audio.cpp" />
    <ClCompile Include="Source\Resource\sceneManager.cpp" />
    <ClCompile Include="Source\Wrappers\audioWrapper.cpp" />
    <ClCompile Include="Source\Resource\Rendering\skybox.cpp" />
    <ClCompile Include="Source\Core\mesh.cpp" />
    <ClCompile Include="Source\Utils\tools.cpp" />
    <ClCompile Include="Source\Components\Physic\sphereCollider.cpp" />
    <ClCompile Include="Source\Physic\physicSystem.cpp" />
    <ClCompile Include="Source\Physic\contactManager.cpp" />
    <ClCompile Include="Source\Physic\bodyActivationManager.cpp" />
    <ClCompile Include="Source\Physic\objectLayerVsBroadPhaseLayerFilter.cpp" />
    <ClCompile Include="Source\Physic\objectLayerVsObjectLayer.cpp" />
    <ClCompile Include="Source\Physic\broadPhaseLayerInterface.cpp" />
    <ClCompile Include="Source\Components\Physic\boxCollider.cpp" />
    <ClCompile Include="Source\Components\Physic\collider.cpp" />
    <ClCompile Include="External\imgui\ImGradient.cpp" />
    <ClCompile Include="External\imgui\ImCurveEdit.cpp" />
    <ClCompile Include="External\imgui\GraphEditor.cpp" />
    <ClCompile Include="External\imgui\ImSequencer.cpp" />
    <ClCompile Include="External\imgui\ImGuizmo.cpp" />
    <ClCompile Include="Source\WorldBuilder\terrain.cpp" />
    <ClCompile Include="Source\WorldBuilder\worldBuilder.cpp" />
    <ClCompile Include="Source\Components\Physic\meshCollider.cpp" />
    <ClCompile Include="Source\Resource\guid.cpp" />
    <ClCompile Include="Source\Components\Light\directionalLight.cpp" />
    <ClCompile Include="Source\Components\Light\pointLight.cpp" />
    <ClCompile Include="Source\Components\Light\spotLight.cpp" />
    <ClCompile Include="Source\Resource\Rendering\Shader\computeShader.cpp" />
    <ClCompile Include="Source\Resource\Rendering\Shader\fragmentShader.cpp" />
    <ClCompile Include="Source\Resource\Rendering\Shader\shader.cpp" />
    <ClCompile Include="Source\Resource\Rendering\Shader\vertexShader.cpp" />
    <ClCompile Include="Source\WorldBuilder\defaultTerrain.cpp" />
    <ClCompile Include="Source\WorldBuilder\noisemapTerrain.cpp" />
    <ClCompile Include="Source\Components\GameClasses\movement.cpp" />
    <ClCompile Include="Source\WorldBuilder\brush.cpp" />
    <ClCompile Include="Source\Components\Physic\capsuleCollider.cpp" />
    <ClCompile Include="Source\Components\GameClasses\playerMovement.cpp" />
    <ClCompile Include="Source\Components\GameClasses\playerCamera.cpp" />
    <ClCompile Include="Source\Components\script.cpp" />
    <ClCompile Include="Source\Components\GameClasses\spawner.cpp" />
    <ClCompile Include="Source\Components\GameClasses\enemy.cpp" />
  </ItemGroup>
  <ItemGroup>
    <ClInclude Include="External\imgui\backends\imgui_impl_glfw.h" />
    <ClInclude Include="External\imgui\backends\imgui_impl_opengl3.h" />
    <ClInclude Include="External\imgui\backends\imgui_impl_opengl3_loader.h" />
    <ClInclude Include="External\imgui\ImGuiFileDialog-master\dirent\dirent.h" />
    <ClInclude Include="External\imgui\ImGuiFileDialog-master\stb\stb_image.h" />
    <ClInclude Include="External\imgui\ImGuiFileDialog-master\stb\stb_image_resize.h" />
    <ClInclude Include="External\imgui\ImGuiFileDialog-master\ImGuiFileDialog.h" />
    <ClInclude Include="External\imgui\ImGuiFileDialog-master\ImGuiFileDialogConfig.h" />
    <ClInclude Include="External\imgui\imconfig.h" />
    <ClInclude Include="External\imgui\imgui.h" />
    <ClInclude Include="External\imgui\imgui_internal.h" />
    <ClInclude Include="External\imgui\imstb_rectpack.h" />
    <ClInclude Include="External\imgui\imstb_textedit.h" />
    <ClInclude Include="External\imgui\imstb_truetype.h" />
    <ClInclude Include="Include\Debug\assertion.h" />
    <ClInclude Include="Include\Debug\log.h" />
    <ClInclude Include="Include\dll.h" />
    <ClInclude Include="Include\Resource\Rendering\model.h" />
    <ClInclude Include="Include\Resource\resource.h" />
    <ClInclude Include="Include\Resource\resourceManager.h" />
    <ClInclude Include="Include\Resource\Rendering\texture.h" />
    <ClInclude Include="Include\golemEngine.h" />
    <ClInclude Include="Include\Wrappers\graphicWrapper.h" />
    <ClInclude Include="External\imgui\ImGuiFileDialog-master\dirent\dirent.h" />
    <ClInclude Include="External\imgui\ImGuiFileDialog-master\ImGuiFileDialog.h" />
    <ClInclude Include="External\imgui\ImGuiFileDialog-master\ImGuiFileDialogConfig.h" />
    <ClInclude Include="External\imgui\ImGuiFileDialog-master\stb\stb_image.h" />
    <ClInclude Include="External\imgui\ImGuiFileDialog-master\stb\stb_image_resize.h" />
    <ClInclude Include="Include\Wrappers\windowWrapper.h" />
    <ClInclude Include="Include\Components\Light\light.h" />
    <ClInclude Include="Include\Components\component.h" />
    <ClInclude Include="Include\Core\gameObject.h" />
    <ClInclude Include="Include\Components\transform.h" />
    <ClInclude Include="Include\Debug\assertion.h" />
    <ClInclude Include="Include\Debug\log.h" />
    <ClInclude Include="Include\Resource\Rendering\model.h" />
    <ClInclude Include="Include\Resource\Rendering\texture.h" />
    <ClInclude Include="Include\Resource\resource.h" />
    <ClInclude Include="Include\Resource\resourceManager.h" />
    <ClInclude Include="Include\Wrappers\graphicWrapper.h" />
    <ClInclude Include="Include\Wrappers\windowWrapper.h" />
    <ClInclude Include="Include\dll.h" />
    <ClInclude Include="Include\golemEngine.h" />
    <ClInclude Include="Include\Inputs\inputManager.h" />
    <ClInclude Include="External\imgui\imgui_stdlib.h" />
    <ClInclude Include="Include\Reflection\refl.hpp" />
    <ClInclude Include="Include\Reflection\classesManager.h" />
    <ClInclude Include="Include\Reflection\displayType.h" />
    <ClInclude Include="Include\Reflection\attributes.h" />
    <ClInclude Include="Include\Core\camera.h" />
    <ClInclude Include="Include\Core\scene.h" />
    <ClInclude Include="Include\Resource\sceneManager.h" />
    <ClInclude Include="Include\Components\meshRenderer.h" />
    <ClInclude Include="Include\Components\audio.h" />
    <ClInclude Include="Include\Resource\guid.h" />
    <ClInclude Include="Include\Resource\sceneManager.h" />
    <ClInclude Include="Include\Wrappers\audioWrapper.h" />
    <ClInclude Include="Include\Components\Light\directionalLight.h" />
    <ClInclude Include="Include\Components\Light\pointLight.h" />
    <ClInclude Include="Include\Components\Light\spotLight.h" />
    <ClInclude Include="Include\Resource\Rendering\skybox.h" />
    <ClInclude Include="Include\Core\mesh.h" />
    <ClInclude Include="External\glm\qualifier.hpp" />
    <ClInclude Include="External\glm\setup.hpp" />
    <ClInclude Include="External\glm\_fixes.hpp" />
    <ClInclude Include="External\glm\platform.h" />
    <ClInclude Include="External\imguizmo\GraphEditor.h" />
    <ClInclude Include="External\imguizmo\ImCurveEdit.h" />
    <ClInclude Include="External\imguizmo\ImGradient.h" />
    <ClInclude Include="External\imguizmo\ImGuizmo.h" />
    <ClInclude Include="External\imguizmo\ImSequencer.h" />
    <ClInclude Include="External\imguizmo\ImZoomSlider.h" />
    <ClInclude Include="External\imgui\ImGradient.h" />
    <ClInclude Include="External\imgui\ImCurveEdit.h" />
    <ClInclude Include="External\imgui\GraphEditor.h" />
    <ClInclude Include="External\imgui\ImSequencer.h" />
    <ClInclude Include="External\imgui\ImGuizmo.h" />
    <ClInclude Include="External\imgui\ImZoomSlider.h" />
    <ClInclude Include="Include\Components\Physic\boxCollider.h" />
    <ClInclude Include="Include\Components\Physic\collider.h" />
    <ClInclude Include="Include\Physic\bodyActivationManager.h" />
    <ClInclude Include="Include\Physic\broadPhaseLayerInterface.h" />
    <ClInclude Include="Include\Physic\contactManager.h" />
    <ClInclude Include="Include\Physic\layers.h" />
    <ClInclude Include="Include\Physic\objectLayerVsBroadPhaseLayer.h" />
    <ClInclude Include="Include\Physic\objectLayerVsObjectLayer.h" />
    <ClInclude Include="Include\Physic\physicSystem.h" />
    <ClInclude Include="Include\Components\Physic\sphereCollider.h" />
    <ClInclude Include="Include\WorldBuilder\terrain.h" />
    <ClInclude Include="Include\WorldBuilder\worldBuilder.h" />
    <ClInclude Include="Include\Utils\tools.h" />
    <ClInclude Include="Include\Resource\Rendering\Shader\computeShader.h" />
    <ClInclude Include="Include\Resource\Rendering\Shader\fragmentShader.h" />
    <ClInclude Include="Include\Resource\Rendering\Shader\vertexShader.h" />
    <ClInclude Include="Include\Resource\Rendering\Shader\shader.h" />
    <ClInclude Include="Include\Utils\viewportTools.h" />
    <ClInclude Include="Include\WorldBuilder\defaultTerrain.h" />
    <ClInclude Include="Include\WorldBuilder\noisemapTerrain.h" />
    <ClInclude Include="Include\Components\Physic\meshCollider.h" />
    <ClInclude Include="Include\Resource\Rendering\vertex.h" />
    <ClInclude Include="Include\Components\Physic\sphereCollider.h" />
    <ClInclude Include="Include\WorldBuilder\terrain.h" />
    <ClInclude Include="Include\WorldBuilder\worldBuilder.h" />
    <ClInclude Include="Include\Utils\tools.h" />
    <ClInclude Include="Include\Components\GameClasses\movement.h" />
    <ClInclude Include="Include\WorldBuilder\brush.h" />
    <ClInclude Include="Include\Components\Physic\capsuleCollider.h" />
    <ClInclude Include="Include\Components\script.h" />
    <ClInclude Include="Include\Components\GameClasses\playerMovement.h" />
    <ClInclude Include="Include\Components\GameClasses\playerCamera.h" />
    <ClInclude Include="Include\Components\GameClasses\spawner.h" />
    <ClInclude Include="Include\Components\GameClasses\enemy.h" />
  </ItemGroup>
</Project>