<?xml version="1.0" encoding="utf-8"?>
<Project ToolsVersion="4.0" xmlns="http://schemas.microsoft.com/developer/msbuild/2003">
  <ItemGroup>
    <Filter Include="Source Files">
      <UniqueIdentifier>{4FC737F1-C7A5-4376-A066-2A32D752A2FF}</UniqueIdentifier>
      <Extensions>cpp;c;cc;cxx;c++;cppm;ixx;def;odl;idl;hpj;bat;asm;asmx</Extensions>
    </Filter>
    <Filter Include="Header Files">
      <UniqueIdentifier>{93995380-89BD-4b04-88EB-625FBE52EBFB}</UniqueIdentifier>
      <Extensions>h;hh;hpp;hxx;h++;hm;inl;inc;ipp;xsd</Extensions>
    </Filter>
    <Filter Include="Resource Files">
      <UniqueIdentifier>{67DA6AB6-F800-4c08-8B7A-83BB121AAD01}</UniqueIdentifier>
      <Extensions>rc;ico;cur;bmp;dlg;rc2;rct;bin;rgs;gif;jpg;jpeg;jpe;resx;tiff;tif;png;wav;mfcribbon-ms</Extensions>
    </Filter>
  </ItemGroup>
  <ItemGroup>
    <ClCompile Include="Source\main.cpp">
      <Filter>Source Files</Filter>
    </ClCompile>
    <ClCompile Include="Source\editor.cpp">
      <Filter>Source Files</Filter>
    </ClCompile>
    <ClCompile Include="Source\UI\editorUi.cpp">
      <Filter>Source Files</Filter>
    </ClCompile>
    <ClCompile Include="Source\UI\Windows\basicActors.cpp">
      <Filter>Source Files</Filter>
    </ClCompile>
    <ClCompile Include="Source\UI\Windows\debugWindow.cpp">
      <Filter>Source Files</Filter>
    </ClCompile>
    <ClCompile Include="Source\UI\Windows\fileBrowser.cpp">
      <Filter>Source Files</Filter>
    </ClCompile>
    <ClCompile Include="Source\UI\Windows\viewport.cpp">
      <Filter>Source Files</Filter>
    </ClCompile>
    <ClCompile Include="Source\UI\Windows\sceneGraph.cpp">
      <Filter>Source Files</Filter>
    </ClCompile>
    <ClCompile Include="Source\UI\Windows\window.cpp">
      <Filter>Source Files</Filter>
    </ClCompile>
    <ClCompile Include="Source\UI\Windows\inspector.cpp">
      <Filter>Source Files</Filter>
    </ClCompile>
    <ClCompile Include="Source\UI\toolbar.cpp">
      <Filter>Source Files</Filter>
    </ClCompile>
    <ClCompile Include="Source\UI\Windows\worldBuilderWindow.cpp">
      <Filter>Source Files</Filter>
    </ClCompile>
    <ClCompile Include="Source\UI\Windows\playScene.cpp">
      <Filter>Source Files</Filter>
    </ClCompile>
    <ClCompile Include="Source\UI\Windows\viewportToolsWindow.cpp">
      <Filter>Source Files</Filter>
    </ClCompile>
  </ItemGroup>
  <ItemGroup>
    <ClInclude Include="Include\editor.h">
      <Filter>Header Files</Filter>
    </ClInclude>
    <ClInclude Include="Include\UI\editorUi.h">
      <Filter>Header Files</Filter>
    </ClInclude>
    <ClInclude Include="Include\UI\Windows\debugWindow.h">
      <Filter>Header Files</Filter>
    </ClInclude>
    <ClInclude Include="Include\UI\Windows\fileBrowser.h">
      <Filter>Header Files</Filter>
    </ClInclude>
    <ClInclude Include="Include\UI\Windows\viewport.h">
      <Filter>Header Files</Filter>
    </ClInclude>
    <ClInclude Include="Include\UI\Windows\sceneGraph.h">
      <Filter>Header Files</Filter>
    </ClInclude>
    <ClInclude Include="Include\UI\Windows\window.h">
      <Filter>Header Files</Filter>
    </ClInclude>
    <ClInclude Include="Include\UI\Windows\inspector.h">
      <Filter>Header Files</Filter>
    </ClInclude>
    <ClInclude Include="Include\UI\toolbar.h">
      <Filter>Header Files</Filter>
    </ClInclude>
    <ClInclude Include="Include\UI\Windows\worldBuilderWindow.h">
      <Filter>Header Files</Filter>
    </ClInclude>
    <ClInclude Include="Include\UI\Windows\playScene.h">
      <Filter>Header Files</Filter>
    </ClInclude>
    <ClInclude Include="Include\UI\Windows\basicActorsWindow.h">
      <Filter>Header Files</Filter>
    </ClInclude>
    <ClInclude Include="Include\UI\Windows\viewportToolsWindow.h">
      <Filter>Header Files</Filter>
    </ClInclude>
  </ItemGroup>
</Project>